<?xml version="1.0" encoding="utf-8"?>
<Project ToolsVersion="4.0" xmlns="http://schemas.microsoft.com/developer/msbuild/2003">
  <ItemGroup>
    <Filter Include="Source Files">
      <UniqueIdentifier>{4FC737F1-C7A5-4376-A066-2A32D752A2FF}</UniqueIdentifier>
      <Extensions>cpp;c;cc;cxx;def;odl;idl;hpj;bat;asm;asmx</Extensions>
    </Filter>
    <Filter Include="Header Files">
      <UniqueIdentifier>{93995380-89BD-4b04-88EB-625FBE52EBFB}</UniqueIdentifier>
      <Extensions>h;hpp;hxx;hm;inl;inc;xsd</Extensions>
    </Filter>
    <Filter Include="Resource Files">
      <UniqueIdentifier>{67DA6AB6-F800-4c08-8B7A-83BB121AAD01}</UniqueIdentifier>
      <Extensions>rc;ico;cur;bmp;dlg;rc2;rct;bin;rgs;gif;jpg;jpeg;jpe;resx;tiff;tif;png;wav</Extensions>
    </Filter>
  </ItemGroup>
  <ItemGroup>
    <ClCompile Include="startup.cpp">
      <Filter>Source Files</Filter>
    </ClCompile>
    <ClCompile Include="shiva\statics.cpp">
      <Filter>Source Files</Filter>
    </ClCompile>
    <ClCompile Include="shiva\toolkit\log.cpp">
      <Filter>Source Files</Filter>
    </ClCompile>
    <ClCompile Include="shiva\toolkit\utils.cpp">
      <Filter>Source Files</Filter>
    </ClCompile>
    <ClCompile Include="shiva\state.cpp">
      <Filter>Source Files</Filter>
    </ClCompile>
  </ItemGroup>
  <ItemGroup>
    <ClInclude Include="shiva\toolkit\buffers.h">
      <Filter>Header Files</Filter>
    </ClInclude>
    <ClInclude Include="shiva\toolkit\clengine.h">
      <Filter>Header Files</Filter>
    </ClInclude>
    <ClInclude Include="shiva\toolkit\framebuffer.h">
      <Filter>Header Files</Filter>
    </ClInclude>
    <ClInclude Include="shiva\toolkit\log.h">
      <Filter>Header Files</Filter>
    </ClInclude>
    <ClInclude Include="shiva\toolkit\shaders.h">
      <Filter>Header Files</Filter>
    </ClInclude>
    <ClInclude Include="shiva\toolkit\texture.h">
      <Filter>Header Files</Filter>
    </ClInclude>
    <ClInclude Include="shiva\toolkit\utils.h">
      <Filter>Header Files</Filter>
    </ClInclude>
    <ClInclude Include="shiva\stdafx.h">
      <Filter>Header Files</Filter>
    </ClInclude>
    <ClInclude Include="resources\builtins\glsllib\version330.glsl">
      <Filter>Header Files</Filter>
    </ClInclude>
    <ClInclude Include="shiva\toolkit\varray.h">
      <Filter>Header Files</Filter>
    </ClInclude>
    <ClInclude Include="shiva\toolkit\fonts.h">
      <Filter>Header Files</Filter>
    </ClInclude>
    <ClInclude Include="shiva\shiva.h">
      <Filter>Header Files</Filter>
    </ClInclude>
    <ClInclude Include="shiva\state.h">
      <Filter>Header Files</Filter>
    </ClInclude>
    <ClInclude Include="shiva\toolkit\resourcetracker.h">
      <Filter>Header Files</Filter>
    </ClInclude>
    <ClInclude Include="shiva\toolkit\instance.h">
      <Filter>Header Files</Filter>
    </ClInclude>
    <ClInclude Include="shiva\toolkit\music.h">
      <Filter>Header Files</Filter>
    </ClInclude>
    <ClInclude Include="state\musiclol\root.h">
      <Filter>Header Files</Filter>
    </ClInclude>
    <ClInclude Include="state\partevo\particles.h">
      <Filter>Header Files</Filter>
    </ClInclude>
    <ClInclude Include="state\partevo\root.h">
      <Filter>Header Files</Filter>
    </ClInclude>
    <ClInclude Include="state\df\particles.h">
      <Filter>Header Files</Filter>
    </ClInclude>
    <ClInclude Include="state\df\root.h">
      <Filter>Header Files</Filter>
    </ClInclude>
    <ClInclude Include="abandoned\state\demo\particles.h">
      <Filter>Header Files</Filter>
    </ClInclude>
    <ClInclude Include="abandoned\state\demo\root.h">
      <Filter>Header Files</Filter>
    </ClInclude>
    <ClInclude Include="shiva\toolkit\midi.h">
      <Filter>Header Files</Filter>
    </ClInclude>
    <ClInclude Include="state\common\hdr.h">
      <Filter>Header Files</Filter>
    </ClInclude>
    <ClInclude Include="state\df\th.h">
      <Filter>Header Files</Filter>
    </ClInclude>
    <ClInclude Include="state\partevo\tg.h">
      <Filter>Header Files</Filter>
    </ClInclude>
    <ClInclude Include="state\common\graph.h">
      <Filter>Header Files</Filter>
    </ClInclude>
    <ClInclude Include="state\common\graphgen.h">
      <Filter>Header Files</Filter>
    </ClInclude>
    <ClInclude Include="state\texturestuff\upscale.h">
      <Filter>Header Files</Filter>
    </ClInclude>
    <ClInclude Include="shiva\toolkit\image.h">
      <Filter>Header Files</Filter>
    </ClInclude>
    <ClInclude Include="state\dq\th.h">
      <Filter>Header Files</Filter>
    </ClInclude>
    <ClInclude Include="shiva\toolkit\camera.h">
      <Filter>Header Files</Filter>
    </ClInclude>
    <ClInclude Include="state\common\nuisensor.h">
      <Filter>Header Files</Filter>
    </ClInclude>
    <ClInclude Include="state\dq\ti.h">
      <Filter>Header Files</Filter>
    </ClInclude>
    <ClInclude Include="state\dq\tj.h">
      <Filter>Header Files</Filter>
    </ClInclude>
    <ClInclude Include="state\dq\tk.h">
      <Filter>Header Files</Filter>
    </ClInclude>
    <ClInclude Include="state\dq\root.h">
      <Filter>Header Files</Filter>
    </ClInclude>
    <ClInclude Include="state\texturestuff\ift.h">
      <Filter>Header Files</Filter>
    </ClInclude>
    <ClInclude Include="state\texturestuff\tk.h">
      <Filter>Header Files</Filter>
    </ClInclude>
    <ClInclude Include="state\animals\tk.h">
      <Filter>Header Files</Filter>
    </ClInclude>
    <ClInclude Include="state\animals\particles.h">
      <Filter>Header Files</Filter>
    </ClInclude>
    <ClInclude Include="state\animals\root.h">
      <Filter>Header Files</Filter>
    </ClInclude>
    <ClInclude Include="state\animals\lines.h">
      <Filter>Header Files</Filter>
    </ClInclude>
    <ClInclude Include="state\animals\money.h">
      <Filter>Header Files</Filter>
    </ClInclude>
    <ClInclude Include="state\animals\house.h">
      <Filter>Header Files</Filter>
    </ClInclude>
    <ClInclude Include="state\animals\particles2.h">
      <Filter>Header Files</Filter>
    </ClInclude>
    <ClInclude Include="state\common\resources.h">
      <Filter>Header Files</Filter>
    </ClInclude>
    <ClInclude Include="state\animals\stuff.h">
      <Filter>Header Files</Filter>
    </ClInclude>
    <ClInclude Include="state\animals\wgen.h">
      <Filter>Header Files</Filter>
    </ClInclude>
    <ClInclude Include="state\attrax\hdr.h">
      <Filter>Header Files</Filter>
    </ClInclude>
    <ClInclude Include="state\common\parametric.h">
      <Filter>Header Files</Filter>
    </ClInclude>
    <ClInclude Include="state\miuto\hdr.h">
      <Filter>Header Files</Filter>
    </ClInclude>
    <ClInclude Include="state\common\bases\drawpath.h">
      <Filter>Header Files</Filter>
    </ClInclude>
    <ClInclude Include="state\common\bases\fssplayer.h">
      <Filter>Header Files</Filter>
    </ClInclude>
    <ClInclude Include="state\common\console.h">
      <Filter>Header Files</Filter>
    </ClInclude>
  </ItemGroup>
  <ItemGroup>
    <None Include="resources\builtins\null.vert" />
    <None Include="resources\builtins\glsllib\simplexnoise\noise2D.glsl" />
    <None Include="resources\builtins\glsllib\simplexnoise\noise3D.glsl" />
    <None Include="resources\builtins\glsllib\simplexnoise\noise4D.glsl" />
    <None Include="resources\builtins\glsllib\simplexnoise\noisecommon.glsl" />
    <None Include="resources\common\shapes\cube.geom" />
    <None Include="resources\common\shapes\quad.geom" />
    <None Include="resources\builtins\passthrough.vert" />
    <None Include="resources\common\font\fontrender.frag" />
    <None Include="resources\builtins\tools.cl" />
    <None Include="resources\tools\hdr\accupdate.frag" />
    <None Include="resources\tools\hdr\guassianhoriz.frag" />
    <None Include="resources\tools\hdr\guassianvert.frag" />
    <None Include="resources\tools\hdr\hdr.frag" />
    <None Include="resources\tools\hdr\output.frag" />
    <None Include="resources\fonts\TECHNOID.TTF" />
    <None Include="abandoned\resources\jackhammer\catargas\catargas.frag" />
    <None Include="abandoned\resources\jackhammer\catargas\catargas.geom" />
    <None Include="abandoned\resources\jackhammer\catargas\catargas.slcl" />
    <None Include="abandoned\resources\jackhammer\outro\catargas.geom" />
    <None Include="abandoned\resources\jackhammer\outro\outro.frag" />
    <None Include="abandoned\resources\jackhammer\outro\outro.slcl" />
    <None Include="abandoned\resources\jackhammer\outro\outrofont.frag" />
    <None Include="abandoned\resources\jackhammer\tortuga\tortuga.frag" />
    <None Include="abandoned\resources\jackhammer\tortuga\tortuga.slcl" />
    <None Include="abandoned\resources\jackhammer\tortuga\tortuga.vert" />
    <None Include="abandoned\resources\unused\cylinderform.cl" />
    <None Include="abandoned\resources\unused\deformity.cl" />
    <None Include="abandoned\resources\unused\metablobs.cl" />
    <None Include="abandoned\resources\unused\metaparticles.cl" />
    <None Include="abandoned\resources\unused\pillarparticles.cl" />
    <None Include="abandoned\resources\pipeline\hdr\output.frag" />
    <None Include="abandoned\resources\pipeline\particular\minimal.frag" />
    <None Include="abandoned\resources\pipeline\particular\minimal.geom" />
    <None Include="abandoned\resources\pipeline\particular\minimal.vert" />
    <None Include="abandoned\resources\pipeline\particular\minimallines.frag" />
    <None Include="abandoned\resources\pipeline\particular\minimallines.geom" />
    <None Include="abandoned\resources\pipeline\particular\outrofont.frag" />
    <None Include="abandoned\resources\pipeline\particular\particleengine.cl" />
    <None Include="abandoned\resources\pipeline\particular\pillarworld.cl" />
    <None Include="abandoned\resources\pipeline\particular\torus.cl" />
    <None Include="abandoned\resources\pipeline\particular\twist.cl" />
    <None Include="abandoned\resources\tests\nbodystate\minimal.frag">
      <Filter>Resource Files</Filter>
    </None>
    <None Include="abandoned\resources\tests\nbodystate\minimal.geom">
      <Filter>Resource Files</Filter>
    </None>
    <None Include="abandoned\resources\tests\nbodystate\minimal.vert">
      <Filter>Resource Files</Filter>
    </None>
    <None Include="abandoned\resources\tests\nbodystate\test.cl">
      <Filter>Resource Files</Filter>
    </None>
    <None Include="abandoned\resources\tests\spheremarch\spheremarch.frag" />
    <None Include="abandoned\resources\editor\generator\rect.frag" />
    <None Include="abandoned\resources\editor\wm\wm.frag" />
    <None Include="abandoned\resources\test.cl" />
    <None Include="abandoned\resources\twist.cl" />
    <None Include="abandoned\resources\torus.cl" />
    <None Include="abandoned\resources\pillarworld.cl" />
    <None Include="abandoned\resources\pillarparticles.cl" />
    <None Include="abandoned\resources\deformity.cl" />
    <None Include="abandoned\resources\cylinderform.cl" />
    <None Include="abandoned\resources\metablobs.cl" />
    <None Include="abandoned\resources\metaparticles.cl" />
    <None Include="resources\fonts\Men Nefer Black.ttf" />
    <None Include="resources\fonts\MenNefer.ttf" />
    <None Include="abandoned\resources\statedata\dd\hdr.frag" />
    <None Include="abandoned\resources\statedata\dd\minimal.frag" />
    <None Include="abandoned\resources\statedata\dd\minimal.geom" />
    <None Include="abandoned\resources\statedata\dd\minimal.vert" />
    <None Include="abandoned\resources\statedata\dd\minimal1.frag" />
    <None Include="abandoned\resources\statedata\dd\minimal1.geom" />
    <None Include="abandoned\resources\statedata\dd\minimal1.vert" />
    <None Include="abandoned\resources\statedata\dd\minimal2.frag" />
    <None Include="abandoned\resources\statedata\dd\minimal2.geom" />
    <None Include="abandoned\resources\statedata\dd\minimal2.vert" />
    <None Include="abandoned\resources\statedata\dd\minimal3.frag" />
    <None Include="abandoned\resources\statedata\dd\minimal3.geom" />
    <None Include="abandoned\resources\statedata\dd\minimal3.vert" />
    <None Include="abandoned\resources\statedata\dd\minimal4.frag" />
    <None Include="abandoned\resources\statedata\dd\minimal4.geom" />
    <None Include="abandoned\resources\statedata\dd\minimal4.vert" />
    <None Include="abandoned\resources\statedata\dd\output.frag" />
    <None Include="abandoned\resources\statedata\dd\outrofont.frag" />
    <None Include="abandoned\resources\statedata\dd\particleengine.cl" />
    <None Include="abandoned\resources\statedata\dd\t0.cl" />
    <None Include="abandoned\resources\statedata\dd\t1.cl" />
    <None Include="abandoned\resources\statedata\dd\t2.cl" />
    <None Include="abandoned\resources\statedata\dd\t3.cl" />
    <None Include="abandoned\resources\statedata\dd\t4.cl" />
    <None Include="abandoned\resources\statedata\de\clline.cl" />
    <None Include="abandoned\resources\statedata\de\de.camera" />
    <None Include="abandoned\resources\statedata\de\hdr.frag" />
    <None Include="abandoned\resources\statedata\de\minimal1.frag" />
    <None Include="abandoned\resources\statedata\de\minimal1.geom" />
    <None Include="abandoned\resources\statedata\de\minimal1.vert" />
    <None Include="abandoned\resources\statedata\de\minimal2.frag" />
    <None Include="abandoned\resources\statedata\de\minimal2.geom" />
    <None Include="abandoned\resources\statedata\de\minimal2.vert" />
    <None Include="abandoned\resources\statedata\de\minimal3.frag" />
    <None Include="abandoned\resources\statedata\de\minimal3.geom" />
    <None Include="abandoned\resources\statedata\de\minimal3.vert" />
    <None Include="abandoned\resources\statedata\de\minimal4.frag" />
    <None Include="abandoned\resources\statedata\de\minimal4.geom" />
    <None Include="abandoned\resources\statedata\de\minimal4.vert" />
    <None Include="abandoned\resources\statedata\de\minimal5.frag" />
    <None Include="abandoned\resources\statedata\de\minimal5.geom" />
    <None Include="abandoned\resources\statedata\de\minimal5.vert" />
    <None Include="abandoned\resources\statedata\de\minimal6.frag" />
    <None Include="abandoned\resources\statedata\de\minimal6.geom" />
    <None Include="abandoned\resources\statedata\de\minimal6.vert" />
    <None Include="abandoned\resources\statedata\de\minimal7.frag" />
    <None Include="abandoned\resources\statedata\de\minimal7.geom" />
    <None Include="abandoned\resources\statedata\de\minimal7.vert" />
    <None Include="abandoned\resources\statedata\de\minimal8.frag" />
    <None Include="abandoned\resources\statedata\de\minimal8.geom" />
    <None Include="abandoned\resources\statedata\de\minimal8.vert" />
    <None Include="abandoned\resources\statedata\de\minimal9.frag" />
    <None Include="abandoned\resources\statedata\de\minimal9.geom" />
    <None Include="abandoned\resources\statedata\de\minimal9.vert" />
    <None Include="abandoned\resources\statedata\de\output.frag" />
    <None Include="abandoned\resources\statedata\de\particleengine.cl" />
    <None Include="abandoned\resources\statedata\de\test.frag" />
    <None Include="abandoned\resources\statedata\de\text.frag" />
    <None Include="abandoned\resources\statedata\de\text.geom" />
    <None Include="abandoned\resources\statedata\de\text.vert" />
    <None Include="resources\statedata\df\hdr.frag" />
    <None Include="resources\statedata\df\hdrr.frag" />
    <None Include="resources\statedata\df\simple.frag" />
    <None Include="resources\statedata\df\pt.vert" />
    <None Include="resources\statedata\df\quad.geom" />
    <None Include="resources\statedata\df\line.geom" />
    <None Include="resources\statedata\df\cube.geom" />
    <None Include="resources\statedata\texturestuff\simple.frag" />
    <None Include="resources\statedata\misc\abc.frag" />
    <None Include="resources\statedata\misc\watercity.frag" />
    <None Include="resources\statedata\misc\hdr.frag" />
    <None Include="resources\statedata\misc\mengertunnel.frag" />
    <None Include="resources\statedata\misc\stuff.frag" />
    <None Include="resources\statedata\misc\t2.frag" />
    <None Include="resources\statedata\texturestuff\test.png">
      <Filter>Resource Files</Filter>
    </None>
    <None Include="resources\statedata\df\triangle.geom" />
    <None Include="resources\statedata\dq\hdr.frag" />
    <None Include="resources\statedata\dq\Linus.mp3" />
    <None Include="resources\statedata\dq\clp.cl" />
    <None Include="resources\statedata\dq\0.camera" />
    <None Include="resources\statedata\dq\set.act" />
    <None Include="resources\statedata\dq\clon.act" />
    <None Include="resources\statedata\texturestuff\out.frag" />
    <None Include="resources\statedata\texturestuff\hdr.frag" />
    <None Include="resources\statedata\texturestuff\s2.frag" />
    <None Include="resources\statedata\texturestuff\quad.geom" />
    <None Include="resources\statedata\texturestuff\pt.vert" />
    <None Include="resources\statedata\texturestuff\gaussian1.frag" />
    <None Include="resources\statedata\texturestuff\gaussian2.frag" />
    <None Include="resources\statedata\texturestuff\compderivmag.frag" />
    <None Include="resources\statedata\texturestuff\thin1.frag" />
    <None Include="resources\statedata\texturestuff\thin2.frag" />
    <None Include="resources\statedata\animals\clline.cl" />
    <None Include="resources\statedata\animals\hdr.frag" />
    <None Include="resources\statedata\animals\minimal1.frag" />
    <None Include="resources\statedata\animals\minimal1.geom" />
    <None Include="resources\statedata\animals\minimal1.vert" />
    <None Include="resources\statedata\animals\minimal2.frag" />
    <None Include="resources\statedata\animals\minimal2.geom" />
    <None Include="resources\statedata\animals\minimal2.vert" />
    <None Include="resources\statedata\animals\minimal4.frag" />
    <None Include="resources\statedata\animals\minimal4.geom" />
    <None Include="resources\statedata\animals\minimal4.vert" />
    <None Include="resources\statedata\animals\particleengine.cl" />
    <None Include="resources\statedata\animals\test.frag" />
    <None Include="resources\statedata\animals\save\testa.frag" />
    <None Include="resources\statedata\animals\save\testb.frag" />
    <None Include="resources\statedata\animals\save\testc.frag" />
    <None Include="resources\statedata\animals\save\testd.frag" />
    <None Include="resources\statedata\animals\save\teste.frag" />
    <None Include="resources\statedata\animals\save\testf.frag" />
    <None Include="resources\statedata\animals\save\testg.frag" />
    <None Include="resources\statedata\animals\save\output.frag" />
    <None Include="resources\statedata\animals\lines\output.frag" />
    <None Include="resources\statedata\animals\lines\clline.cl" />
    <None Include="resources\statedata\animals\money\clline.cl" />
    <None Include="resources\statedata\animals\money\output.frag" />
    <None Include="resources\statedata\animals\money\test.frag" />
    <None Include="resources\statedata\animals\money\minimal2.frag" />
    <None Include="resources\statedata\animals\money\minimal2.vert" />
    <None Include="resources\statedata\animals\money\minimal2.geom" />
    <None Include="resources\statedata\animals\money\minimal1.frag" />
    <None Include="resources\statedata\animals\money\minimal1.vert" />
    <None Include="resources\statedata\animals\money\minimal1.geom" />
    <None Include="resources\statedata\animals\output.frag" />
    <None Include="resources\statedata\animals\save\particleengine.cl" />
    <None Include="resources\statedata\animals\house\test.frag" />
    <None Include="resources\statedata\animals\house\output.frag" />
    <None Include="resources\statedata\animals\house\minimal1.frag" />
    <None Include="resources\statedata\animals\house\minimal2.vert" />
    <None Include="resources\statedata\animals\house\minimal1.geom" />
    <None Include="resources\statedata\animals\house\minimal1.vert" />
    <None Include="resources\statedata\animals\house\minimal2.frag" />
    <None Include="resources\statedata\animals\house\minimal2.geom" />
    <None Include="resources\statedata\animals\house\clline.cl" />
    <None Include="resources\statedata\animals\house\particleengine.cl" />
    <None Include="resources\statedata\animals\testh.frag" />
    <None Include="resources\statedata\misc\testq.frag" />
    <None Include="resources\statedata\attrax\hdr.frag" />
    <None Include="resources\statedata\attrax\background.frag" />
    <None Include="resources\statedata\attrax\road.frag" />
    <None Include="resources\statedata\attrax\overlay.frag" />
    <None Include="resources\statedata\attrax\whiteout.frag" />
    <None Include="resources\statedata\attrax\logo2.png">
      <Filter>Resource Files</Filter>
    </None>
    <None Include="resources\statedata\attrax\DemoLINUS.mp3" />
    <None Include="resources\statedata\attrax\logo1.png">
      <Filter>Resource Files</Filter>
    </None>
    <None Include="resources\statedata\attrax\background2.frag" />
    <None Include="resources\statedata\attrax\path1.frag" />
    <None Include="resources\statedata\attrax\path1.geom" />
    <None Include="resources\statedata\attrax\path1.vert" />
    <None Include="resources\statedata\attrax\cube1.vert" />
    <None Include="resources\statedata\attrax\cube1.frag" />
    <None Include="resources\statedata\attrax\cube1.geom" />
    <None Include="resources\statedata\attrax\path2.vert" />
    <None Include="resources\statedata\attrax\path2.frag" />
    <None Include="resources\statedata\attrax\path2.geom" />
    <None Include="resources\statedata\attrax\overlay2.frag" />
    <None Include="resources\statedata\attrax\path3.vert" />
    <None Include="resources\statedata\attrax\path3.frag" />
    <None Include="resources\statedata\attrax\path3.geom" />
    <None Include="resources\statedata\attrax\camera.0" />
    <None Include="resources\statedata\attrax\cube2.vert" />
    <None Include="resources\statedata\attrax\cube2.frag" />
    <None Include="resources\statedata\attrax\cube2.geom" />
    <None Include="resources\statedata\attrax\background3.frag" />
    <None Include="resources\statedata\miuto\hdr.frag" />
    <None Include="resources\statedata\miuto\background.frag" />
    <None Include="resources\statedata\miuto\path1.frag" />
    <None Include="resources\statedata\miuto\path1.vert" />
    <None Include="resources\statedata\miuto\path1.geom" />
    <None Include="resources\statedata\miuto\overlay2.frag" />
    <None Include="resources\statedata\miuto\overlay1.frag" />
    <None Include="resources\statedata\miuto\overlay3.frag" />
    <None Include="resources\statedata\miuto\overlay4.frag" />
    <None Include="resources\statedata\miuto\overlay5.frag" />
    <None Include="resources\statedata\miuto\overlay9.frag" />
    <None Include="resources\statedata\miuto\overlay6.frag" />
    <None Include="resources\statedata\miuto\overlay7.frag" />
    <None Include="resources\statedata\miuto\overlay8.frag" />
    <None Include="resources\statedata\miuto\cube1.frag" />
    <None Include="resources\statedata\miuto\cube1.vert" />
    <None Include="resources\statedata\miuto\cube1.geom" />
    <None Include="resources\statedata\miuto\background2.frag" />
    <None Include="resources\statedata\miuto\cube2.frag" />
    <None Include="resources\statedata\miuto\cube2.vert" />
    <None Include="resources\statedata\miuto\cube2.geom" />
    <None Include="resources\statedata\miuto\camera.0" />
    <None Include="resources\statedata\miuto\path2.frag" />
    <None Include="resources\statedata\miuto\path2.geom" />
    <None Include="resources\statedata\miuto\path2.vert" />
  </ItemGroup>
</Project>